
Microsoft Visual Studio Solution File, Format Version 12.00
# Visual Studio Version 17
VisualStudioVersion = 17.0.32112.339
MinimumVisualStudioVersion = 10.0.40219.1
Project("{9A19103F-16F7-4668-BE54-9A1E7A4F7556}") = "SealReportDesigner", "SealReportDesigner\SealReportDesigner.csproj", "{5E5FBBF8-5E9E-434D-984B-621CDFC68A13}"
EndProject
Project("{9A19103F-16F7-4668-BE54-9A1E7A4F7556}") = "SealLibraryWin", "SealLibraryWin\SealLibraryWin.csproj", "{6D8D30F4-B36E-4A02-8704-D63C5A35DF1F}"
EndProject
Project("{9A19103F-16F7-4668-BE54-9A1E7A4F7556}") = "SealServerManager", "SealServerManager\SealServerManager.csproj", "{58D85F14-1341-484F-AF1E-0C0E67D07FBD}"
EndProject
Project("{9A19103F-16F7-4668-BE54-9A1E7A4F7556}") = "SealTaskScheduler", "SealTaskScheduler\SealTaskScheduler.csproj", "{D9E687A7-F1FB-48CA-A81B-47FEFA3011CD}"
EndProject
Project("{9A19103F-16F7-4668-BE54-9A1E7A4F7556}") = "SealWebServer", "SealWebServer\SealWebServer.csproj", "{4E1489D9-4D02-4566-9B22-635A2A1881F9}"
EndProject
Project("{FAE04EC0-301F-11D3-BF4B-00C04F79EFBC}") = "SealDocumentation", "SealDocumentation\SealDocumentation.csproj", "{C0188B0E-7F5E-42F9-848B-6E806C6F4E45}"
EndProject
Project("{9A19103F-16F7-4668-BE54-9A1E7A4F7556}") = "SealSchedulerService", "SealSchedulerService\SealSchedulerService.csproj", "{F4F80028-673D-4431-92C7-5246AE7EF056}"
EndProject
Project("{9A19103F-16F7-4668-BE54-9A1E7A4F7556}") = "Tests", "Tests\Tests.csproj", "{C4F5FD97-263B-4721-B13B-6EB6D2B8D1A9}"
	ProjectSection(ProjectDependencies) = postProject
		{E035B9C5-4173-4B54-AAB4-AA26255DB6B3} = {E035B9C5-4173-4B54-AAB4-AA26255DB6B3}
	EndProjectSection
EndProject
Project("{9A19103F-16F7-4668-BE54-9A1E7A4F7556}") = "SealLibrary", "SealLibrary\SealLibrary.csproj", "{E035B9C5-4173-4B54-AAB4-AA26255DB6B3}"
EndProject
Project("{9A19103F-16F7-4668-BE54-9A1E7A4F7556}") = "SealSchedulerWorker", "SealSchedulerWorker\SealSchedulerWorker.csproj", "{8792CA6F-EFE9-45F8-9244-6AE3D3B9394B}"
EndProject
Project("{9A19103F-16F7-4668-BE54-9A1E7A4F7556}") = "RazorEngine.NetCore", "RazorEngine.NetCore\RazorEngine.NetCore.csproj", "{891C8D77-1999-432D-BD00-4B610A18FB40}"
EndProject
Project("{FAE04EC0-301F-11D3-BF4B-00C04F79EFBC}") = "TestNuget", "TestNuget\TestNuget.csproj", "{13D87A1B-8013-4208-AC39-0EAF84695BE4}"
EndProject
Global
	GlobalSection(SolutionConfigurationPlatforms) = preSolution
		Debug|Any CPU = Debug|Any CPU
		Debug|x64 = Debug|x64
		Release|Any CPU = Release|Any CPU
		Release|x64 = Release|x64
	EndGlobalSection
	GlobalSection(ProjectConfigurationPlatforms) = postSolution
		{5E5FBBF8-5E9E-434D-984B-621CDFC68A13}.Debug|Any CPU.ActiveCfg = Debug|Any CPU
		{5E5FBBF8-5E9E-434D-984B-621CDFC68A13}.Debug|Any CPU.Build.0 = Debug|Any CPU
		{5E5FBBF8-5E9E-434D-984B-621CDFC68A13}.Debug|x64.ActiveCfg = Debug|Any CPU
		{5E5FBBF8-5E9E-434D-984B-621CDFC68A13}.Debug|x64.Build.0 = Debug|Any CPU
		{5E5FBBF8-5E9E-434D-984B-621CDFC68A13}.Release|Any CPU.ActiveCfg = Release|Any CPU
		{5E5FBBF8-5E9E-434D-984B-621CDFC68A13}.Release|Any CPU.Build.0 = Release|Any CPU
		{5E5FBBF8-5E9E-434D-984B-621CDFC68A13}.Release|x64.ActiveCfg = Release|Any CPU
		{5E5FBBF8-5E9E-434D-984B-621CDFC68A13}.Release|x64.Build.0 = Release|Any CPU
		{6D8D30F4-B36E-4A02-8704-D63C5A35DF1F}.Debug|Any CPU.ActiveCfg = Debug|Any CPU
		{6D8D30F4-B36E-4A02-8704-D63C5A35DF1F}.Debug|Any CPU.Build.0 = Debug|Any CPU
		{6D8D30F4-B36E-4A02-8704-D63C5A35DF1F}.Debug|x64.ActiveCfg = Debug|Any CPU
		{6D8D30F4-B36E-4A02-8704-D63C5A35DF1F}.Debug|x64.Build.0 = Debug|Any CPU
		{6D8D30F4-B36E-4A02-8704-D63C5A35DF1F}.Release|Any CPU.ActiveCfg = Release|Any CPU
		{6D8D30F4-B36E-4A02-8704-D63C5A35DF1F}.Release|Any CPU.Build.0 = Release|Any CPU
		{6D8D30F4-B36E-4A02-8704-D63C5A35DF1F}.Release|x64.ActiveCfg = Release|Any CPU
		{6D8D30F4-B36E-4A02-8704-D63C5A35DF1F}.Release|x64.Build.0 = Release|Any CPU
		{58D85F14-1341-484F-AF1E-0C0E67D07FBD}.Debug|Any CPU.ActiveCfg = Debug|Any CPU
		{58D85F14-1341-484F-AF1E-0C0E67D07FBD}.Debug|Any CPU.Build.0 = Debug|Any CPU
		{58D85F14-1341-484F-AF1E-0C0E67D07FBD}.Debug|x64.ActiveCfg = Debug|Any CPU
		{58D85F14-1341-484F-AF1E-0C0E67D07FBD}.Debug|x64.Build.0 = Debug|Any CPU
		{58D85F14-1341-484F-AF1E-0C0E67D07FBD}.Release|Any CPU.ActiveCfg = Release|Any CPU
		{58D85F14-1341-484F-AF1E-0C0E67D07FBD}.Release|Any CPU.Build.0 = Release|Any CPU
		{58D85F14-1341-484F-AF1E-0C0E67D07FBD}.Release|x64.ActiveCfg = Release|Any CPU
		{58D85F14-1341-484F-AF1E-0C0E67D07FBD}.Release|x64.Build.0 = Release|Any CPU
		{D9E687A7-F1FB-48CA-A81B-47FEFA3011CD}.Debug|Any CPU.ActiveCfg = Debug|Any CPU
		{D9E687A7-F1FB-48CA-A81B-47FEFA3011CD}.Debug|Any CPU.Build.0 = Debug|Any CPU
		{D9E687A7-F1FB-48CA-A81B-47FEFA3011CD}.Debug|x64.ActiveCfg = Debug|Any CPU
		{D9E687A7-F1FB-48CA-A81B-47FEFA3011CD}.Debug|x64.Build.0 = Debug|Any CPU
		{D9E687A7-F1FB-48CA-A81B-47FEFA3011CD}.Release|Any CPU.ActiveCfg = Release|Any CPU
		{D9E687A7-F1FB-48CA-A81B-47FEFA3011CD}.Release|Any CPU.Build.0 = Release|Any CPU
		{D9E687A7-F1FB-48CA-A81B-47FEFA3011CD}.Release|x64.ActiveCfg = Release|Any CPU
		{D9E687A7-F1FB-48CA-A81B-47FEFA3011CD}.Release|x64.Build.0 = Release|Any CPU
		{4E1489D9-4D02-4566-9B22-635A2A1881F9}.Debug|Any CPU.ActiveCfg = Debug|Any CPU
		{4E1489D9-4D02-4566-9B22-635A2A1881F9}.Debug|Any CPU.Build.0 = Debug|Any CPU
		{4E1489D9-4D02-4566-9B22-635A2A1881F9}.Debug|x64.ActiveCfg = Debug|Any CPU
		{4E1489D9-4D02-4566-9B22-635A2A1881F9}.Debug|x64.Build.0 = Debug|Any CPU
		{4E1489D9-4D02-4566-9B22-635A2A1881F9}.Release|Any CPU.ActiveCfg = Release|Any CPU
		{4E1489D9-4D02-4566-9B22-635A2A1881F9}.Release|Any CPU.Build.0 = Release|Any CPU
		{4E1489D9-4D02-4566-9B22-635A2A1881F9}.Release|x64.ActiveCfg = Release|Any CPU
		{4E1489D9-4D02-4566-9B22-635A2A1881F9}.Release|x64.Build.0 = Release|Any CPU
		{C0188B0E-7F5E-42F9-848B-6E806C6F4E45}.Debug|Any CPU.ActiveCfg = Debug|Any CPU
		{C0188B0E-7F5E-42F9-848B-6E806C6F4E45}.Debug|Any CPU.Build.0 = Debug|Any CPU
		{C0188B0E-7F5E-42F9-848B-6E806C6F4E45}.Debug|x64.ActiveCfg = Debug|Any CPU
		{C0188B0E-7F5E-42F9-848B-6E806C6F4E45}.Debug|x64.Build.0 = Debug|Any CPU
		{C0188B0E-7F5E-42F9-848B-6E806C6F4E45}.Release|Any CPU.ActiveCfg = Release|Any CPU
		{C0188B0E-7F5E-42F9-848B-6E806C6F4E45}.Release|Any CPU.Build.0 = Release|Any CPU
		{C0188B0E-7F5E-42F9-848B-6E806C6F4E45}.Release|x64.ActiveCfg = Release|Any CPU
		{C0188B0E-7F5E-42F9-848B-6E806C6F4E45}.Release|x64.Build.0 = Release|Any CPU
		{F4F80028-673D-4431-92C7-5246AE7EF056}.Debug|Any CPU.ActiveCfg = Debug|Any CPU
		{F4F80028-673D-4431-92C7-5246AE7EF056}.Debug|Any CPU.Build.0 = Debug|Any CPU
		{F4F80028-673D-4431-92C7-5246AE7EF056}.Debug|x64.ActiveCfg = Debug|Any CPU
		{F4F80028-673D-4431-92C7-5246AE7EF056}.Debug|x64.Build.0 = Debug|Any CPU
		{F4F80028-673D-4431-92C7-5246AE7EF056}.Release|Any CPU.ActiveCfg = Release|Any CPU
		{F4F80028-673D-4431-92C7-5246AE7EF056}.Release|Any CPU.Build.0 = Release|Any CPU
		{F4F80028-673D-4431-92C7-5246AE7EF056}.Release|x64.ActiveCfg = Release|Any CPU
		{F4F80028-673D-4431-92C7-5246AE7EF056}.Release|x64.Build.0 = Release|Any CPU
		{C4F5FD97-263B-4721-B13B-6EB6D2B8D1A9}.Debug|Any CPU.ActiveCfg = Debug|Any CPU
		{C4F5FD97-263B-4721-B13B-6EB6D2B8D1A9}.Debug|Any CPU.Build.0 = Debug|Any CPU
		{C4F5FD97-263B-4721-B13B-6EB6D2B8D1A9}.Debug|x64.ActiveCfg = Debug|Any CPU
		{C4F5FD97-263B-4721-B13B-6EB6D2B8D1A9}.Debug|x64.Build.0 = Debug|Any CPU
		{C4F5FD97-263B-4721-B13B-6EB6D2B8D1A9}.Release|Any CPU.ActiveCfg = Release|Any CPU
		{C4F5FD97-263B-4721-B13B-6EB6D2B8D1A9}.Release|Any CPU.Build.0 = Release|Any CPU
		{C4F5FD97-263B-4721-B13B-6EB6D2B8D1A9}.Release|x64.ActiveCfg = Release|Any CPU
		{C4F5FD97-263B-4721-B13B-6EB6D2B8D1A9}.Release|x64.Build.0 = Release|Any CPU
		{E035B9C5-4173-4B54-AAB4-AA26255DB6B3}.Debug|Any CPU.ActiveCfg = Debug|Any CPU
		{E035B9C5-4173-4B54-AAB4-AA26255DB6B3}.Debug|Any CPU.Build.0 = Debug|Any CPU
		{E035B9C5-4173-4B54-AAB4-AA26255DB6B3}.Debug|x64.ActiveCfg = Debug|Any CPU
		{E035B9C5-4173-4B54-AAB4-AA26255DB6B3}.Debug|x64.Build.0 = Debug|Any CPU
		{E035B9C5-4173-4B54-AAB4-AA26255DB6B3}.Release|Any CPU.ActiveCfg = Release|Any CPU
		{E035B9C5-4173-4B54-AAB4-AA26255DB6B3}.Release|Any CPU.Build.0 = Release|Any CPU
		{E035B9C5-4173-4B54-AAB4-AA26255DB6B3}.Release|x64.ActiveCfg = Release|Any CPU
		{E035B9C5-4173-4B54-AAB4-AA26255DB6B3}.Release|x64.Build.0 = Release|Any CPU
		{8792CA6F-EFE9-45F8-9244-6AE3D3B9394B}.Debug|Any CPU.ActiveCfg = Debug|Any CPU
		{8792CA6F-EFE9-45F8-9244-6AE3D3B9394B}.Debug|Any CPU.Build.0 = Debug|Any CPU
		{8792CA6F-EFE9-45F8-9244-6AE3D3B9394B}.Debug|x64.ActiveCfg = Debug|Any CPU
		{8792CA6F-EFE9-45F8-9244-6AE3D3B9394B}.Debug|x64.Build.0 = Debug|Any CPU
		{8792CA6F-EFE9-45F8-9244-6AE3D3B9394B}.Release|Any CPU.ActiveCfg = Release|Any CPU
		{8792CA6F-EFE9-45F8-9244-6AE3D3B9394B}.Release|Any CPU.Build.0 = Release|Any CPU
		{8792CA6F-EFE9-45F8-9244-6AE3D3B9394B}.Release|x64.ActiveCfg = Release|Any CPU
		{8792CA6F-EFE9-45F8-9244-6AE3D3B9394B}.Release|x64.Build.0 = Release|Any CPU
		{891C8D77-1999-432D-BD00-4B610A18FB40}.Debug|Any CPU.ActiveCfg = Debug|Any CPU
		{891C8D77-1999-432D-BD00-4B610A18FB40}.Debug|Any CPU.Build.0 = Debug|Any CPU
		{891C8D77-1999-432D-BD00-4B610A18FB40}.Debug|x64.ActiveCfg = Debug|Any CPU
		{891C8D77-1999-432D-BD00-4B610A18FB40}.Debug|x64.Build.0 = Debug|Any CPU
		{891C8D77-1999-432D-BD00-4B610A18FB40}.Release|Any CPU.ActiveCfg = Release|Any CPU
		{891C8D77-1999-432D-BD00-4B610A18FB40}.Release|Any CPU.Build.0 = Release|Any CPU
		{891C8D77-1999-432D-BD00-4B610A18FB40}.Release|x64.ActiveCfg = Release|Any CPU
		{891C8D77-1999-432D-BD00-4B610A18FB40}.Release|x64.Build.0 = Release|Any CPU
		{13D87A1B-8013-4208-AC39-0EAF84695BE4}.Debug|Any CPU.ActiveCfg = Debug|Any CPU
		{13D87A1B-8013-4208-AC39-0EAF84695BE4}.Debug|Any CPU.Build.0 = Debug|Any CPU
		{13D87A1B-8013-4208-AC39-0EAF84695BE4}.Debug|x64.ActiveCfg = Debug|Any CPU
		{13D87A1B-8013-4208-AC39-0EAF84695BE4}.Debug|x64.Build.0 = Debug|Any CPU
		{13D87A1B-8013-4208-AC39-0EAF84695BE4}.Release|Any CPU.ActiveCfg = Release|Any CPU
		{13D87A1B-8013-4208-AC39-0EAF84695BE4}.Release|Any CPU.Build.0 = Release|Any CPU
		{13D87A1B-8013-4208-AC39-0EAF84695BE4}.Release|x64.ActiveCfg = Release|Any CPU
		{13D87A1B-8013-4208-AC39-0EAF84695BE4}.Release|x64.Build.0 = Release|Any CPU
	EndGlobalSection
	GlobalSection(SolutionProperties) = preSolution
		HideSolutionNode = FALSE
	EndGlobalSection
	GlobalSection(ExtensibilityGlobals) = postSolution
		SolutionGuid = {5805B042-EA0F-4353-8AA3-BD82DF536CDF}
	EndGlobalSection
EndGlobal
