
Microsoft Visual Studio Solution File, Format Version 12.00
# Visual Studio Version 16
VisualStudioVersion = 16.0.29709.97
MinimumVisualStudioVersion = 10.0.40219.1
Project("{9A19103F-16F7-4668-BE54-9A1E7A4F7556}") = "SealReportDesigner", "SealReportDesigner\SealReportDesigner.csproj", "{5E5FBBF8-5E9E-434D-984B-621CDFC68A13}"
EndProject
Project("{9A19103F-16F7-4668-BE54-9A1E7A4F7556}") = "SealLibrary", "SealLibrary\SealLibrary.csproj", "{6D8D30F4-B36E-4A02-8704-D63C5A35DF1F}"
EndProject
Project("{9A19103F-16F7-4668-BE54-9A1E7A4F7556}") = "SealServerManager", "SealServerManager\SealServerManager.csproj", "{58D85F14-1341-484F-AF1E-0C0E67D07FBD}"
EndProject
Project("{9A19103F-16F7-4668-BE54-9A1E7A4F7556}") = "SealTaskScheduler", "SealTaskScheduler\SealTaskScheduler.csproj", "{D9E687A7-F1FB-48CA-A81B-47FEFA3011CD}"
EndProject
Project("{9A19103F-16F7-4668-BE54-9A1E7A4F7556}") = "SealWebServer", "SealWebServer\SealWebServer.csproj", "{4E1489D9-4D02-4566-9B22-635A2A1881F9}"
EndProject
Project("{FAE04EC0-301F-11D3-BF4B-00C04F79EFBC}") = "SealDocumentation", "SealDocumentation\SealDocumentation.csproj", "{C0188B0E-7F5E-42F9-848B-6E806C6F4E45}"
EndProject
Project("{9A19103F-16F7-4668-BE54-9A1E7A4F7556}") = "SealSchedulerService", "SealSchedulerService\SealSchedulerService.csproj", "{F4F80028-673D-4431-92C7-5246AE7EF056}"
EndProject
Project("{9A19103F-16F7-4668-BE54-9A1E7A4F7556}") = "Tests", "Tests\Tests.csproj", "{C4F5FD97-263B-4721-B13B-6EB6D2B8D1A9}"
EndProject
Global
	GlobalSection(SolutionConfigurationPlatforms) = preSolution
		Debug|x64 = Debug|x64
		Release|x64 = Release|x64
	EndGlobalSection
	GlobalSection(ProjectConfigurationPlatforms) = postSolution
		{5E5FBBF8-5E9E-434D-984B-621CDFC68A13}.Debug|x64.ActiveCfg = Debug|Any CPU
		{5E5FBBF8-5E9E-434D-984B-621CDFC68A13}.Debug|x64.Build.0 = Debug|Any CPU
		{5E5FBBF8-5E9E-434D-984B-621CDFC68A13}.Release|x64.ActiveCfg = Release|Any CPU
		{5E5FBBF8-5E9E-434D-984B-621CDFC68A13}.Release|x64.Build.0 = Release|Any CPU
		{6D8D30F4-B36E-4A02-8704-D63C5A35DF1F}.Debug|x64.ActiveCfg = Debug|Any CPU
		{6D8D30F4-B36E-4A02-8704-D63C5A35DF1F}.Debug|x64.Build.0 = Debug|Any CPU
		{6D8D30F4-B36E-4A02-8704-D63C5A35DF1F}.Release|x64.ActiveCfg = Release|Any CPU
		{6D8D30F4-B36E-4A02-8704-D63C5A35DF1F}.Release|x64.Build.0 = Release|Any CPU
		{58D85F14-1341-484F-AF1E-0C0E67D07FBD}.Debug|x64.ActiveCfg = Debug|Any CPU
		{58D85F14-1341-484F-AF1E-0C0E67D07FBD}.Debug|x64.Build.0 = Debug|Any CPU
		{58D85F14-1341-484F-AF1E-0C0E67D07FBD}.Release|x64.ActiveCfg = Release|Any CPU
		{58D85F14-1341-484F-AF1E-0C0E67D07FBD}.Release|x64.Build.0 = Release|Any CPU
		{D9E687A7-F1FB-48CA-A81B-47FEFA3011CD}.Debug|x64.ActiveCfg = Debug|Any CPU
		{D9E687A7-F1FB-48CA-A81B-47FEFA3011CD}.Debug|x64.Build.0 = Debug|Any CPU
		{D9E687A7-F1FB-48CA-A81B-47FEFA3011CD}.Release|x64.ActiveCfg = Release|Any CPU
		{D9E687A7-F1FB-48CA-A81B-47FEFA3011CD}.Release|x64.Build.0 = Release|Any CPU
		{4E1489D9-4D02-4566-9B22-635A2A1881F9}.Debug|x64.ActiveCfg = Debug|Any CPU
		{4E1489D9-4D02-4566-9B22-635A2A1881F9}.Debug|x64.Build.0 = Debug|Any CPU
		{4E1489D9-4D02-4566-9B22-635A2A1881F9}.Release|x64.ActiveCfg = Release|Any CPU
		{4E1489D9-4D02-4566-9B22-635A2A1881F9}.Release|x64.Build.0 = Release|Any CPU
		{C0188B0E-7F5E-42F9-848B-6E806C6F4E45}.Debug|x64.ActiveCfg = Debug|Any CPU
		{C0188B0E-7F5E-42F9-848B-6E806C6F4E45}.Debug|x64.Build.0 = Debug|Any CPU
		{C0188B0E-7F5E-42F9-848B-6E806C6F4E45}.Release|x64.ActiveCfg = Release|Any CPU
		{C0188B0E-7F5E-42F9-848B-6E806C6F4E45}.Release|x64.Build.0 = Release|Any CPU
		{F4F80028-673D-4431-92C7-5246AE7EF056}.Debug|x64.ActiveCfg = Debug|Any CPU
		{F4F80028-673D-4431-92C7-5246AE7EF056}.Debug|x64.Build.0 = Debug|Any CPU
		{F4F80028-673D-4431-92C7-5246AE7EF056}.Release|x64.ActiveCfg = Release|Any CPU
		{F4F80028-673D-4431-92C7-5246AE7EF056}.Release|x64.Build.0 = Release|Any CPU
		{C4F5FD97-263B-4721-B13B-6EB6D2B8D1A9}.Debug|x64.ActiveCfg = Debug|Any CPU
		{C4F5FD97-263B-4721-B13B-6EB6D2B8D1A9}.Release|x64.ActiveCfg = Release|Any CPU
	EndGlobalSection
	GlobalSection(SolutionProperties) = preSolution
		HideSolutionNode = FALSE
	EndGlobalSection
	GlobalSection(ExtensibilityGlobals) = postSolution
		SolutionGuid = {5805B042-EA0F-4353-8AA3-BD82DF536CDF}
	EndGlobalSection
EndGlobal
