
Microsoft Visual Studio Solution File, Format Version 12.00
# Visual Studio 2013
VisualStudioVersion = 12.0.21005.1
MinimumVisualStudioVersion = 10.0.40219.1
Project("{FAE04EC0-301F-11D3-BF4B-00C04F79EFBC}") = "SealReportDesigner", "SealReportDesigner\SealReportDesigner.csproj", "{5E5FBBF8-5E9E-434D-984B-621CDFC68A13}"
EndProject
Project("{FAE04EC0-301F-11D3-BF4B-00C04F79EFBC}") = "SealLibrary", "SealLibrary\SealLibrary.csproj", "{6D8D30F4-B36E-4A02-8704-D63C5A35DF1F}"
EndProject
Project("{FAE04EC0-301F-11D3-BF4B-00C04F79EFBC}") = "SealServerManager", "SealServerManager\SealServerManager.csproj", "{58D85F14-1341-484F-AF1E-0C0E67D07FBD}"
EndProject
Project("{2150E333-8FDC-42A3-9474-1A3956D46DE8}") = "Solution Items", "Solution Items", "{5CBA1EFB-B62F-4279-9911-C0D5BB1D62D8}"
EndProject
Project("{FAE04EC0-301F-11D3-BF4B-00C04F79EFBC}") = "SealTaskScheduler", "SealTaskScheduler\SealTaskScheduler.csproj", "{D9E687A7-F1FB-48CA-A81B-47FEFA3011CD}"
EndProject
Project("{FAE04EC0-301F-11D3-BF4B-00C04F79EFBC}") = "SealWebServer", "SealWebServer\SealWebServer.csproj", "{4E1489D9-4D02-4566-9B22-635A2A1881F9}"
EndProject
Global
	GlobalSection(SubversionScc) = preSolution
		Svn-Managed = True
		Manager = AnkhSVN - Subversion Support for Visual Studio
	EndGlobalSection
	GlobalSection(SolutionConfigurationPlatforms) = preSolution
		Debug|Any CPU = Debug|Any CPU
		Debug|Mixed Platforms = Debug|Mixed Platforms
		Debug|x86 = Debug|x86
		Release|Any CPU = Release|Any CPU
		Release|Mixed Platforms = Release|Mixed Platforms
		Release|x86 = Release|x86
	EndGlobalSection
	GlobalSection(ProjectConfigurationPlatforms) = postSolution
		{5E5FBBF8-5E9E-434D-984B-621CDFC68A13}.Debug|Any CPU.ActiveCfg = Debug|x86
		{5E5FBBF8-5E9E-434D-984B-621CDFC68A13}.Debug|Mixed Platforms.ActiveCfg = Debug|x86
		{5E5FBBF8-5E9E-434D-984B-621CDFC68A13}.Debug|Mixed Platforms.Build.0 = Debug|x86
		{5E5FBBF8-5E9E-434D-984B-621CDFC68A13}.Debug|x86.ActiveCfg = Debug|x86
		{5E5FBBF8-5E9E-434D-984B-621CDFC68A13}.Debug|x86.Build.0 = Debug|x86
		{5E5FBBF8-5E9E-434D-984B-621CDFC68A13}.Release|Any CPU.ActiveCfg = Release|x86
		{5E5FBBF8-5E9E-434D-984B-621CDFC68A13}.Release|Mixed Platforms.ActiveCfg = Release|x86
		{5E5FBBF8-5E9E-434D-984B-621CDFC68A13}.Release|Mixed Platforms.Build.0 = Release|x86
		{5E5FBBF8-5E9E-434D-984B-621CDFC68A13}.Release|x86.ActiveCfg = Release|x86
		{5E5FBBF8-5E9E-434D-984B-621CDFC68A13}.Release|x86.Build.0 = Release|x86
		{6D8D30F4-B36E-4A02-8704-D63C5A35DF1F}.Debug|Any CPU.ActiveCfg = Debug|Any CPU
		{6D8D30F4-B36E-4A02-8704-D63C5A35DF1F}.Debug|Any CPU.Build.0 = Debug|Any CPU
		{6D8D30F4-B36E-4A02-8704-D63C5A35DF1F}.Debug|Mixed Platforms.ActiveCfg = Debug|Any CPU
		{6D8D30F4-B36E-4A02-8704-D63C5A35DF1F}.Debug|Mixed Platforms.Build.0 = Debug|Any CPU
		{6D8D30F4-B36E-4A02-8704-D63C5A35DF1F}.Debug|x86.ActiveCfg = Debug|Any CPU
		{6D8D30F4-B36E-4A02-8704-D63C5A35DF1F}.Release|Any CPU.ActiveCfg = Release|Any CPU
		{6D8D30F4-B36E-4A02-8704-D63C5A35DF1F}.Release|Any CPU.Build.0 = Release|Any CPU
		{6D8D30F4-B36E-4A02-8704-D63C5A35DF1F}.Release|Mixed Platforms.ActiveCfg = Release|Any CPU
		{6D8D30F4-B36E-4A02-8704-D63C5A35DF1F}.Release|Mixed Platforms.Build.0 = Release|Any CPU
		{6D8D30F4-B36E-4A02-8704-D63C5A35DF1F}.Release|x86.ActiveCfg = Release|Any CPU
		{58D85F14-1341-484F-AF1E-0C0E67D07FBD}.Debug|Any CPU.ActiveCfg = Debug|x86
		{58D85F14-1341-484F-AF1E-0C0E67D07FBD}.Debug|Mixed Platforms.ActiveCfg = Debug|x86
		{58D85F14-1341-484F-AF1E-0C0E67D07FBD}.Debug|Mixed Platforms.Build.0 = Debug|x86
		{58D85F14-1341-484F-AF1E-0C0E67D07FBD}.Debug|x86.ActiveCfg = Debug|x86
		{58D85F14-1341-484F-AF1E-0C0E67D07FBD}.Debug|x86.Build.0 = Debug|x86
		{58D85F14-1341-484F-AF1E-0C0E67D07FBD}.Release|Any CPU.ActiveCfg = Release|x86
		{58D85F14-1341-484F-AF1E-0C0E67D07FBD}.Release|Mixed Platforms.ActiveCfg = Release|x86
		{58D85F14-1341-484F-AF1E-0C0E67D07FBD}.Release|Mixed Platforms.Build.0 = Release|x86
		{58D85F14-1341-484F-AF1E-0C0E67D07FBD}.Release|x86.ActiveCfg = Release|x86
		{58D85F14-1341-484F-AF1E-0C0E67D07FBD}.Release|x86.Build.0 = Release|x86
		{D9E687A7-F1FB-48CA-A81B-47FEFA3011CD}.Debug|Any CPU.ActiveCfg = Debug|Any CPU
		{D9E687A7-F1FB-48CA-A81B-47FEFA3011CD}.Debug|Any CPU.Build.0 = Debug|Any CPU
		{D9E687A7-F1FB-48CA-A81B-47FEFA3011CD}.Debug|Mixed Platforms.ActiveCfg = Debug|Any CPU
		{D9E687A7-F1FB-48CA-A81B-47FEFA3011CD}.Debug|Mixed Platforms.Build.0 = Debug|Any CPU
		{D9E687A7-F1FB-48CA-A81B-47FEFA3011CD}.Debug|x86.ActiveCfg = Debug|Any CPU
		{D9E687A7-F1FB-48CA-A81B-47FEFA3011CD}.Release|Any CPU.ActiveCfg = Release|Any CPU
		{D9E687A7-F1FB-48CA-A81B-47FEFA3011CD}.Release|Any CPU.Build.0 = Release|Any CPU
		{D9E687A7-F1FB-48CA-A81B-47FEFA3011CD}.Release|Mixed Platforms.ActiveCfg = Release|Any CPU
		{D9E687A7-F1FB-48CA-A81B-47FEFA3011CD}.Release|Mixed Platforms.Build.0 = Release|Any CPU
		{D9E687A7-F1FB-48CA-A81B-47FEFA3011CD}.Release|x86.ActiveCfg = Release|Any CPU
		{4E1489D9-4D02-4566-9B22-635A2A1881F9}.Debug|Any CPU.ActiveCfg = Debug|Any CPU
		{4E1489D9-4D02-4566-9B22-635A2A1881F9}.Debug|Any CPU.Build.0 = Debug|Any CPU
		{4E1489D9-4D02-4566-9B22-635A2A1881F9}.Debug|Mixed Platforms.ActiveCfg = Debug|Any CPU
		{4E1489D9-4D02-4566-9B22-635A2A1881F9}.Debug|Mixed Platforms.Build.0 = Debug|Any CPU
		{4E1489D9-4D02-4566-9B22-635A2A1881F9}.Debug|x86.ActiveCfg = Debug|Any CPU
		{4E1489D9-4D02-4566-9B22-635A2A1881F9}.Release|Any CPU.ActiveCfg = Release|Any CPU
		{4E1489D9-4D02-4566-9B22-635A2A1881F9}.Release|Any CPU.Build.0 = Release|Any CPU
		{4E1489D9-4D02-4566-9B22-635A2A1881F9}.Release|Mixed Platforms.ActiveCfg = Release|Any CPU
		{4E1489D9-4D02-4566-9B22-635A2A1881F9}.Release|Mixed Platforms.Build.0 = Release|Any CPU
		{4E1489D9-4D02-4566-9B22-635A2A1881F9}.Release|x86.ActiveCfg = Release|Any CPU
		{A18F656B-917C-453C-9A0C-33A882915184}.Debug|Any CPU.ActiveCfg = Debug|Any CPU
		{A18F656B-917C-453C-9A0C-33A882915184}.Debug|Any CPU.Build.0 = Debug|Any CPU
		{A18F656B-917C-453C-9A0C-33A882915184}.Debug|Mixed Platforms.ActiveCfg = Debug|Any CPU
		{A18F656B-917C-453C-9A0C-33A882915184}.Debug|Mixed Platforms.Build.0 = Debug|Any CPU
		{A18F656B-917C-453C-9A0C-33A882915184}.Debug|x86.ActiveCfg = Debug|Any CPU
		{A18F656B-917C-453C-9A0C-33A882915184}.Release|Any CPU.ActiveCfg = Release|Any CPU
		{A18F656B-917C-453C-9A0C-33A882915184}.Release|Any CPU.Build.0 = Release|Any CPU
		{A18F656B-917C-453C-9A0C-33A882915184}.Release|Mixed Platforms.ActiveCfg = Release|Any CPU
		{A18F656B-917C-453C-9A0C-33A882915184}.Release|Mixed Platforms.Build.0 = Release|Any CPU
		{A18F656B-917C-453C-9A0C-33A882915184}.Release|x86.ActiveCfg = Release|Any CPU
	EndGlobalSection
	GlobalSection(SolutionProperties) = preSolution
		HideSolutionNode = FALSE
	EndGlobalSection
EndGlobal
